
Microsoft Visual Studio Solution File, Format Version 12.00
# Visual Studio Version 17
VisualStudioVersion = 17.1.32210.238
MinimumVisualStudioVersion = 10.0.40219.1
Project("{9A19103F-16F7-4668-BE54-9A1E7A4F7556}") = "MigrationExample", "MigrationExample\MigrationExample.csproj", "{EA5688B1-844F-4909-B4D3-8408BEDCB89D}"
EndProject
Project("{9A19103F-16F7-4668-BE54-9A1E7A4F7556}") = "MapperExample", "MapperExample\MapperExample.csproj", "{78FA3232-CCE8-40F7-B499-A3CB604C3362}"
EndProject
Project("{9A19103F-16F7-4668-BE54-9A1E7A4F7556}") = "GenericRepositoryExample", "GenericRepositoryExample\GenericRepositoryExample.csproj", "{5FFFA9B2-64AC-4EC1-AB1A-2E8E06044AAC}"
EndProject
Project("{9A19103F-16F7-4668-BE54-9A1E7A4F7556}") = "MiddlewareExample", "MiddlewareExample\MiddlewareExample.csproj", "{96976C4A-D990-4299-84A2-DEF7278256FE}"
EndProject
Project("{9A19103F-16F7-4668-BE54-9A1E7A4F7556}") = "RabbitMQExample", "RabbitMQExample\RabbitMQExample.csproj", "{5BB6C454-FFE7-4BBD-9ACA-09CBA40F0F27}"
EndProject
Project("{FAE04EC0-301F-11D3-BF4B-00C04F79EFBC}") = "WcfServiceExample", "WcfServiceExample\WcfServiceExample.csproj", "{8F57F7C4-DF08-4777-AD80-ABEF6AD6E162}"
EndProject
Project("{FAE04EC0-301F-11D3-BF4B-00C04F79EFBC}") = "WcfServiceTestExample", "WcfServiceTestExample\WcfServiceTestExample.csproj", "{E04D23C7-ED64-47C4-A281-B5386B156142}"
	ProjectSection(ProjectDependencies) = postProject
		{8F57F7C4-DF08-4777-AD80-ABEF6AD6E162} = {8F57F7C4-DF08-4777-AD80-ABEF6AD6E162}
	EndProjectSection
EndProject
Global
	GlobalSection(SolutionConfigurationPlatforms) = preSolution
		Debug|Any CPU = Debug|Any CPU
		Release|Any CPU = Release|Any CPU
	EndGlobalSection
	GlobalSection(ProjectConfigurationPlatforms) = postSolution
		{EA5688B1-844F-4909-B4D3-8408BEDCB89D}.Debug|Any CPU.ActiveCfg = Debug|Any CPU
		{EA5688B1-844F-4909-B4D3-8408BEDCB89D}.Debug|Any CPU.Build.0 = Debug|Any CPU
		{EA5688B1-844F-4909-B4D3-8408BEDCB89D}.Release|Any CPU.ActiveCfg = Release|Any CPU
		{EA5688B1-844F-4909-B4D3-8408BEDCB89D}.Release|Any CPU.Build.0 = Release|Any CPU
		{78FA3232-CCE8-40F7-B499-A3CB604C3362}.Debug|Any CPU.ActiveCfg = Debug|Any CPU
		{78FA3232-CCE8-40F7-B499-A3CB604C3362}.Debug|Any CPU.Build.0 = Debug|Any CPU
		{78FA3232-CCE8-40F7-B499-A3CB604C3362}.Release|Any CPU.ActiveCfg = Release|Any CPU
		{78FA3232-CCE8-40F7-B499-A3CB604C3362}.Release|Any CPU.Build.0 = Release|Any CPU
		{5FFFA9B2-64AC-4EC1-AB1A-2E8E06044AAC}.Debug|Any CPU.ActiveCfg = Debug|Any CPU
		{5FFFA9B2-64AC-4EC1-AB1A-2E8E06044AAC}.Debug|Any CPU.Build.0 = Debug|Any CPU
		{5FFFA9B2-64AC-4EC1-AB1A-2E8E06044AAC}.Release|Any CPU.ActiveCfg = Release|Any CPU
		{5FFFA9B2-64AC-4EC1-AB1A-2E8E06044AAC}.Release|Any CPU.Build.0 = Release|Any CPU
		{96976C4A-D990-4299-84A2-DEF7278256FE}.Debug|Any CPU.ActiveCfg = Debug|Any CPU
		{96976C4A-D990-4299-84A2-DEF7278256FE}.Debug|Any CPU.Build.0 = Debug|Any CPU
		{96976C4A-D990-4299-84A2-DEF7278256FE}.Release|Any CPU.ActiveCfg = Release|Any CPU
		{96976C4A-D990-4299-84A2-DEF7278256FE}.Release|Any CPU.Build.0 = Release|Any CPU
		{5BB6C454-FFE7-4BBD-9ACA-09CBA40F0F27}.Debug|Any CPU.ActiveCfg = Debug|Any CPU
		{5BB6C454-FFE7-4BBD-9ACA-09CBA40F0F27}.Debug|Any CPU.Build.0 = Debug|Any CPU
		{5BB6C454-FFE7-4BBD-9ACA-09CBA40F0F27}.Release|Any CPU.ActiveCfg = Release|Any CPU
		{5BB6C454-FFE7-4BBD-9ACA-09CBA40F0F27}.Release|Any CPU.Build.0 = Release|Any CPU
		{8F57F7C4-DF08-4777-AD80-ABEF6AD6E162}.Debug|Any CPU.ActiveCfg = Debug|Any CPU
		{8F57F7C4-DF08-4777-AD80-ABEF6AD6E162}.Debug|Any CPU.Build.0 = Debug|Any CPU
		{8F57F7C4-DF08-4777-AD80-ABEF6AD6E162}.Release|Any CPU.ActiveCfg = Release|Any CPU
		{8F57F7C4-DF08-4777-AD80-ABEF6AD6E162}.Release|Any CPU.Build.0 = Release|Any CPU
		{E04D23C7-ED64-47C4-A281-B5386B156142}.Debug|Any CPU.ActiveCfg = Debug|Any CPU
		{E04D23C7-ED64-47C4-A281-B5386B156142}.Debug|Any CPU.Build.0 = Debug|Any CPU
		{E04D23C7-ED64-47C4-A281-B5386B156142}.Release|Any CPU.ActiveCfg = Release|Any CPU
		{E04D23C7-ED64-47C4-A281-B5386B156142}.Release|Any CPU.Build.0 = Release|Any CPU
	EndGlobalSection
	GlobalSection(SolutionProperties) = preSolution
		HideSolutionNode = FALSE
	EndGlobalSection
	GlobalSection(ExtensibilityGlobals) = postSolution
		SolutionGuid = {C8D3B648-DC45-42E7-91CB-85A33A8F10F6}
	EndGlobalSection
EndGlobal
